
Microsoft Visual Studio Solution File, Format Version 12.00
# Visual Studio Version 17
VisualStudioVersion = 17.4.33110.190
MinimumVisualStudioVersion = 10.0.40219.1
Project("{FAE04EC0-301F-11D3-BF4B-00C04F79EFBC}") = "WASA", "WASA\WASA.csproj", "{F8EC057F-9508-41A8-BAEF-04FB51B416DC}"
EndProject
Global
	GlobalSection(SolutionConfigurationPlatforms) = preSolution
		Debug|Any CPU = Debug|Any CPU
		Release|Any CPU = Release|Any CPU
	EndGlobalSection
	GlobalSection(ProjectConfigurationPlatforms) = postSolution
		{F8EC057F-9508-41A8-BAEF-04FB51B416DC}.Debug|Any CPU.ActiveCfg = Debug|Any CPU
		{F8EC057F-9508-41A8-BAEF-04FB51B416DC}.Debug|Any CPU.Build.0 = Debug|Any CPU
		{F8EC057F-9508-41A8-BAEF-04FB51B416DC}.Release|Any CPU.ActiveCfg = Release|Any CPU
		{F8EC057F-9508-41A8-BAEF-04FB51B416DC}.Release|Any CPU.Build.0 = Release|Any CPU
	EndGlobalSection
	GlobalSection(SolutionProperties) = preSolution
		HideSolutionNode = FALSE
	EndGlobalSection
	GlobalSection(ExtensibilityGlobals) = postSolution
		SolutionGuid = {269EFADE-CBE2-4828-9767-6C08A93D72CC}
	EndGlobalSection
EndGlobal
